
Microsoft Visual Studio Solution File, Format Version 12.00
# Visual Studio Version 17
VisualStudioVersion = 17.10.35027.167
MinimumVisualStudioVersion = 10.0.40219.1
Project("{2150E333-8FDC-42A3-9474-1A3956D46DE8}") = "01.Clientes", "01.Clientes", "{00C85C61-00DC-43BF-8CCD-3CC681C0F50A}"
EndProject
Project("{2150E333-8FDC-42A3-9474-1A3956D46DE8}") = "02.Api.Gateways", "02.Api.Gateways", "{F9782D3A-D8DE-43D2-AF7D-63F068996126}"
EndProject
Project("{2150E333-8FDC-42A3-9474-1A3956D46DE8}") = "03.Services", "03.Services", "{245EFF1B-FD3C-4C9C-9016-1C9D8FAE24B6}"
EndProject
Project("{2150E333-8FDC-42A3-9474-1A3956D46DE8}") = "04.Common", "04.Common", "{46635F7A-AD7D-4511-B9D2-798B48EF66D0}"
EndProject
Project("{2150E333-8FDC-42A3-9474-1A3956D46DE8}") = "01.Indentity", "01.Indentity", "{A8951F8A-45FE-45A4-83CC-5478BF937AA9}"
EndProject
Project("{2150E333-8FDC-42A3-9474-1A3956D46DE8}") = "02.Catalog", "02.Catalog", "{613CBC16-5896-4FE9-BE7F-1DC876A32649}"
EndProject
Project("{2150E333-8FDC-42A3-9474-1A3956D46DE8}") = "03.Customer", "03.Customer", "{769505C2-BA70-4CE8-BD7B-8573170BF01B}"
EndProject
Project("{2150E333-8FDC-42A3-9474-1A3956D46DE8}") = "04.Order", "04.Order", "{74C5EEF1-42DC-41BA-8D49-6C6C7E8BA6E6}"
EndProject
Project("{2150E333-8FDC-42A3-9474-1A3956D46DE8}") = "Common", "Common", "{2E8F8097-C9FB-4A1D-B0E8-F14EF527F876}"
EndProject
Project("{9A19103F-16F7-4668-BE54-9A1E7A4F7556}") = "Service.Common.Collection", "src\Services\Common\Service.Common.Collection\Service.Common.Collection.csproj", "{DBABB346-7DEE-4491-8655-0D4EE91FB42E}"
EndProject
Project("{9A19103F-16F7-4668-BE54-9A1E7A4F7556}") = "Services.Common.Paging", "src\Services\Common\Services.Common.Paging\Services.Common.Paging.csproj", "{D1ED5064-BD22-4B6B-99D4-08A110B924FB}"
EndProject
Project("{9A19103F-16F7-4668-BE54-9A1E7A4F7556}") = "Service.Common.Mapping", "src\Services\Common\Service.Common.Mapping\Service.Common.Mapping.csproj", "{058EC627-82B3-492C-8E9E-1A458CF01A05}"
EndProject
Project("{9A19103F-16F7-4668-BE54-9A1E7A4F7556}") = "Common.Logging", "src\Common\Common.Logging\Common.Logging.csproj", "{9C293553-E566-4C80-9932-114520563C07}"
EndProject
Project("{2150E333-8FDC-42A3-9474-1A3956D46DE8}") = "01.Api", "01.Api", "{F3783C5D-96B4-4A3A-9488-3CFF5B15E6E7}"
EndProject
Project("{2150E333-8FDC-42A3-9474-1A3956D46DE8}") = "02.Service", "02.Service", "{1D661A6F-533C-4C1D-909B-E3809F722F83}"
EndProject
Project("{2150E333-8FDC-42A3-9474-1A3956D46DE8}") = "03.Persistence", "03.Persistence", "{65B94DE5-E4EE-49A5-B933-BFB4F8A3FD58}"
EndProject
Project("{2150E333-8FDC-42A3-9474-1A3956D46DE8}") = "04.Models", "04.Models", "{D9E8018D-8434-4EC2-B122-3CFF9B535183}"
EndProject
Project("{9A19103F-16F7-4668-BE54-9A1E7A4F7556}") = "Catalog.Domain", "src\Services\Catalog\Catalog.Domain\Catalog.Domain.csproj", "{C1F100C1-2B24-4624-91EC-5D54DC2CCE07}"
EndProject
Project("{9A19103F-16F7-4668-BE54-9A1E7A4F7556}") = "Catalog.Persistence.Database", "src\Services\Catalog\Catalog.Persistence.Database\Catalog.Persistence.Database.csproj", "{C0D8CDBB-991E-4A2E-9AA5-C926C3E429A2}"
EndProject
Project("{9A19103F-16F7-4668-BE54-9A1E7A4F7556}") = "Catalog.Service.Queries", "src\Services\Catalog\Catalog.Service.Queries\Catalog.Service.Queries.csproj", "{3354F04C-FFC0-4E6C-807A-6053599F843C}"
EndProject
Project("{9A19103F-16F7-4668-BE54-9A1E7A4F7556}") = "Catalog.Service.EventHandlers", "src\Services\Catalog\Catalog.Service.EventHandlers\Catalog.Service.EventHandlers.csproj", "{7A74D05F-1013-4FF0-A212-15C79F44481C}"
EndProject
Project("{2150E333-8FDC-42A3-9474-1A3956D46DE8}") = "01.Api", "01.Api", "{CF29E28E-8997-4C1B-8D72-4243D03942E5}"
EndProject
Project("{2150E333-8FDC-42A3-9474-1A3956D46DE8}") = "02.Service", "02.Service", "{54BC2612-D773-4BE6-BA02-02E0E180C98B}"
EndProject
Project("{2150E333-8FDC-42A3-9474-1A3956D46DE8}") = "03.Persistence", "03.Persistence", "{586D73E1-A8AC-4D96-B3A0-9A6F39C6B6D2}"
EndProject
Project("{2150E333-8FDC-42A3-9474-1A3956D46DE8}") = "04.Models", "04.Models", "{C8F5E2F8-2162-443E-BA8D-0E63F207BCF0}"
EndProject
Project("{9A19103F-16F7-4668-BE54-9A1E7A4F7556}") = "Catalog.Api", "src\Services\Catalog\Catalog.Api\Catalog.Api.csproj", "{EC51276D-728E-4CBB-A2A8-0176F30CD1E5}"
EndProject
Project("{2150E333-8FDC-42A3-9474-1A3956D46DE8}") = "01.Api", "01.Api", "{5494AF53-7A2D-4177-9214-914543C9B08E}"
EndProject
Project("{2150E333-8FDC-42A3-9474-1A3956D46DE8}") = "02.Service", "02.Service", "{2FC57D15-7990-4315-9F4F-57C629351F19}"
EndProject
Project("{2150E333-8FDC-42A3-9474-1A3956D46DE8}") = "03.Persistence", "03.Persistence", "{95F824AA-8449-4EE3-8970-8A7AB0F8C4BC}"
EndProject
Project("{2150E333-8FDC-42A3-9474-1A3956D46DE8}") = "04.Models", "04.Models", "{8413BAC4-9D32-414E-B97A-BD3BDAAF3F46}"
EndProject
Project("{2150E333-8FDC-42A3-9474-1A3956D46DE8}") = "05.Common", "05.Common", "{DCCA1AC9-6EB0-4803-81B9-A5B8DE38C968}"
EndProject
Project("{9A19103F-16F7-4668-BE54-9A1E7A4F7556}") = "Order.Common", "src\Services\Order\Order.Common\Order.Common.csproj", "{0A5B5715-B8CF-4674-85CF-D434DC548CF1}"
EndProject
Project("{9A19103F-16F7-4668-BE54-9A1E7A4F7556}") = "Order.Domain", "src\Services\Order\Order.Domain\Order.Domain.csproj", "{1B415438-BE59-4CBE-B72E-1AF6149FB7FF}"
EndProject
Project("{9A19103F-16F7-4668-BE54-9A1E7A4F7556}") = "Order.Persistence.Database", "src\Services\Order\Order.Persistence.Database\Order.Persistence.Database.csproj", "{3F1B07F9-0749-4B11-9B5E-A85076C05164}"
EndProject
Project("{9A19103F-16F7-4668-BE54-9A1E7A4F7556}") = "Order.Service.EventHandlers", "src\Services\Order\namespace Order.Service.EventHandlers\Order.Service.EventHandlers.csproj", "{298DA88E-471F-4784-A065-9693C68E3661}"
EndProject
Project("{9A19103F-16F7-4668-BE54-9A1E7A4F7556}") = "Order.Service.Queries", "src\Services\Order\Order.Service.Queries\Order.Service.Queries.csproj", "{77A633D6-FB5B-4EFE-A532-32B6A26753E0}"
EndProject
Project("{9A19103F-16F7-4668-BE54-9A1E7A4F7556}") = "Order.Service.Proxies", "src\Services\Order\Order.Service.Proxies\Order.Service.Proxies.csproj", "{E44C4D27-C70F-499D-819A-5CBA289390D0}"
EndProject
Project("{2150E333-8FDC-42A3-9474-1A3956D46DE8}") = "05.Common", "05.Common", "{183C5FA9-587C-40C5-A01C-1A8A40314AEA}"
EndProject
Project("{9A19103F-16F7-4668-BE54-9A1E7A4F7556}") = "Catalog.Common", "src\Services\Catalog\Catalog.Common\Catalog.Common.csproj", "{018E155D-69F7-4027-A16C-5F6E2C299870}"
EndProject
Project("{9A19103F-16F7-4668-BE54-9A1E7A4F7556}") = "Client.Api", "src\Services\Client\Client.Api\Client.Api.csproj", "{F85F915F-1EE0-A70F-C2F2-D0FF9C950C5A}"
EndProject
Project("{9A19103F-16F7-4668-BE54-9A1E7A4F7556}") = "Client.Service.Queries", "src\Services\Client\Client.Service.Queries\Client.Service.Queries.csproj", "{FE5B7096-C11E-E777-0677-E80F84B13771}"
EndProject
Project("{9A19103F-16F7-4668-BE54-9A1E7A4F7556}") = "Client.Service.EventHandlers", "src\Services\Client\Client.Service.EventHandlers\Client.Service.EventHandlers.csproj", "{6C666FF4-E62C-ED3E-5086-7F5D3C335EA5}"
EndProject
Project("{9A19103F-16F7-4668-BE54-9A1E7A4F7556}") = "Client.Persistence.Database", "src\Services\Client\Client.Persistence.Database\Client.Persistence.Database.csproj", "{859914DE-3537-8E8C-82D9-E46B18F4CFE3}"
EndProject
Project("{9A19103F-16F7-4668-BE54-9A1E7A4F7556}") = "Client.Domain", "src\Services\Client\Client.Domain\Client.Domain.csproj", "{E09A1DC9-E194-98AC-E34F-467C7E254074}"
EndProject
Project("{9A19103F-16F7-4668-BE54-9A1E7A4F7556}") = "Order.Api", "src\Services\Order\Order.Api\Order.Api.csproj", "{D791F6DF-9044-4739-A281-C4012E9A1FEB}"
EndProject
Project("{2150E333-8FDC-42A3-9474-1A3956D46DE8}") = "01.Api", "01.Api", "{91D41ABD-A512-4694-84BB-EB83A68B4D56}"
EndProject
Project("{2150E333-8FDC-42A3-9474-1A3956D46DE8}") = "02.Service", "02.Service", "{3E184F50-520D-491B-8B0F-7A61500A2F1E}"
EndProject
Project("{2150E333-8FDC-42A3-9474-1A3956D46DE8}") = "03.Persistence", "03.Persistence", "{EAB8637B-0B0D-4EC5-9F0E-C93EF866AA54}"
EndProject
Project("{2150E333-8FDC-42A3-9474-1A3956D46DE8}") = "04.Models", "04.Models", "{8B64D8D7-75F2-49AA-B76C-683A16FC1C3E}"
EndProject
Project("{9A19103F-16F7-4668-BE54-9A1E7A4F7556}") = "Identity.Domain", "src\Services\Identity\Identity.Domain\Identity.Domain.csproj", "{6EA72CC8-7073-4D67-83F3-32A550401B09}"
EndProject
Project("{9A19103F-16F7-4668-BE54-9A1E7A4F7556}") = "Identity.Persistence.Database", "src\Services\Identity\Identity.Persistence.Database\Identity.Persistence.Database.csproj", "{CB482BFA-FB16-4811-944E-2362E19A9C02}"
EndProject
Project("{9A19103F-16F7-4668-BE54-9A1E7A4F7556}") = "Identity.Service.Queries", "src\Services\Identity\Identity.Service.Queries\Identity.Service.Queries.csproj", "{CFA4F394-06D6-41F4-83D3-AFFF8F7A5DB1}"
EndProject
Project("{9A19103F-16F7-4668-BE54-9A1E7A4F7556}") = "Identity.Service.EventHandlers", "src\Services\Identity\Identity.Service.EventHandlers\Identity.Service.EventHandlers.csproj", "{314E15D6-18B9-4365-90E3-2DB8A5C0F6FC}"
EndProject
Project("{9A19103F-16F7-4668-BE54-9A1E7A4F7556}") = "Identity.Api", "src\Services\Identity\Identity.Api\Identity.Api.csproj", "{851EE4DD-1902-4135-B824-BE79C4E26552}"
EndProject
Project("{9A19103F-16F7-4668-BE54-9A1E7A4F7556}") = "Clients.Authentication", "src\Clients\Clients.Authentication\Clients.Authentication.csproj", "{E581A7D4-ED98-48C3-9262-C70622ACB0DC}"
EndProject
Project("{2150E333-8FDC-42A3-9474-1A3956D46DE8}") = "APIs", "APIs", "{512054F7-2068-4B6B-8E49-995FB74AF077}"
EndProject
Project("{9A19103F-16F7-4668-BE54-9A1E7A4F7556}") = "Api.Gateway.Models", "src\Gateways\Api.Gateway.Models\Api.Gateway.Models.csproj", "{89A01C40-7C22-440E-BCBB-BA7C1E729DBC}"
EndProject
Project("{9A19103F-16F7-4668-BE54-9A1E7A4F7556}") = "Api.Gateway.Proxies", "src\Gateways\Api.Gateway.Proxies\Api.Gateway.Proxies.csproj", "{F11A68C8-0BB0-4E2F-AA1A-F93F605EDD30}"
EndProject
Project("{9A19103F-16F7-4668-BE54-9A1E7A4F7556}") = "Api.Gateway.WebClient", "src\Gateways\Api.Gateway.WebClient\Api.Gateway.WebClient.csproj", "{FFEB8F03-397B-4478-9B59-3CAD4C604433}"
EndProject
Project("{9A19103F-16F7-4668-BE54-9A1E7A4F7556}") = "Api.Gateway.WebClient.Proxy", "src\Gateways\Api.Gateway.WebClient.Proxy\Api.Gateway.WebClient.Proxy.csproj", "{81DD6557-0B43-4339-927C-A8694A5F1403}"
EndProject
Project("{9A19103F-16F7-4668-BE54-9A1E7A4F7556}") = "Clients.WebClient", "src\Clients\Clients.WebClient\Clients.WebClient.csproj", "{D46E7D12-A1CD-4F49-9C7A-B73C111BD2CD}"
EndProject
Project("{E53339B2-1760-4266-BCC7-CA923CBCF16C}") = "docker-compose", "docker-compose.dcproj", "{FABA0D3E-0445-4045-8D8F-128670CF5415}"
EndProject
Project("{9A19103F-16F7-4668-BE54-9A1E7A4F7556}") = "Common.Logging.Serilog", "src\Common\Common.Logging.Serilog\Common.Logging.Serilog.csproj", "{027142B9-301D-438A-9EF4-C0476CDF566E}"
EndProject
Project("{2150E333-8FDC-42A3-9474-1A3956D46DE8}") = "Elementos de la solución", "Elementos de la solución", "{7DD833EC-06D2-4007-B74C-37E5351E58D1}"
EndProject
Project("{2150E333-8FDC-42A3-9474-1A3956D46DE8}") = "Ocelot", "Ocelot", "{897AF1E3-44BE-48C9-AE74-6E085BE2A97D}"
EndProject
Project("{9A19103F-16F7-4668-BE54-9A1E7A4F7556}") = "Ocelot.Api.Gateway", "src\Gateways\Ocelot.Api.Gateway\Ocelot.Api.Gateway.csproj", "{028AED84-4FA9-4338-9279-B0B69D7FD41A}"
EndProject
Project("{9A19103F-16F7-4668-BE54-9A1E7A4F7556}") = "Service.Common.RabitMq.Bus", "src\Services\Common\Service.Common.RabitMq.Bus\Service.Common.RabitMq.Bus.csproj", "{D566A315-5F7A-46E7-A2E2-BC2FFFF5D7E8}"
EndProject
Global
	GlobalSection(SolutionConfigurationPlatforms) = preSolution
		Debug|Any CPU = Debug|Any CPU
		Release|Any CPU = Release|Any CPU
	EndGlobalSection
	GlobalSection(ProjectConfigurationPlatforms) = postSolution
		{DBABB346-7DEE-4491-8655-0D4EE91FB42E}.Debug|Any CPU.ActiveCfg = Debug|Any CPU
		{DBABB346-7DEE-4491-8655-0D4EE91FB42E}.Debug|Any CPU.Build.0 = Debug|Any CPU
		{DBABB346-7DEE-4491-8655-0D4EE91FB42E}.Release|Any CPU.ActiveCfg = Release|Any CPU
		{DBABB346-7DEE-4491-8655-0D4EE91FB42E}.Release|Any CPU.Build.0 = Release|Any CPU
		{D1ED5064-BD22-4B6B-99D4-08A110B924FB}.Debug|Any CPU.ActiveCfg = Debug|Any CPU
		{D1ED5064-BD22-4B6B-99D4-08A110B924FB}.Debug|Any CPU.Build.0 = Debug|Any CPU
		{D1ED5064-BD22-4B6B-99D4-08A110B924FB}.Release|Any CPU.ActiveCfg = Release|Any CPU
		{D1ED5064-BD22-4B6B-99D4-08A110B924FB}.Release|Any CPU.Build.0 = Release|Any CPU
		{058EC627-82B3-492C-8E9E-1A458CF01A05}.Debug|Any CPU.ActiveCfg = Debug|Any CPU
		{058EC627-82B3-492C-8E9E-1A458CF01A05}.Debug|Any CPU.Build.0 = Debug|Any CPU
		{058EC627-82B3-492C-8E9E-1A458CF01A05}.Release|Any CPU.ActiveCfg = Release|Any CPU
		{058EC627-82B3-492C-8E9E-1A458CF01A05}.Release|Any CPU.Build.0 = Release|Any CPU
		{9C293553-E566-4C80-9932-114520563C07}.Debug|Any CPU.ActiveCfg = Debug|Any CPU
		{9C293553-E566-4C80-9932-114520563C07}.Debug|Any CPU.Build.0 = Debug|Any CPU
		{9C293553-E566-4C80-9932-114520563C07}.Release|Any CPU.ActiveCfg = Release|Any CPU
		{9C293553-E566-4C80-9932-114520563C07}.Release|Any CPU.Build.0 = Release|Any CPU
		{C1F100C1-2B24-4624-91EC-5D54DC2CCE07}.Debug|Any CPU.ActiveCfg = Debug|Any CPU
		{C1F100C1-2B24-4624-91EC-5D54DC2CCE07}.Debug|Any CPU.Build.0 = Debug|Any CPU
		{C1F100C1-2B24-4624-91EC-5D54DC2CCE07}.Release|Any CPU.ActiveCfg = Release|Any CPU
		{C1F100C1-2B24-4624-91EC-5D54DC2CCE07}.Release|Any CPU.Build.0 = Release|Any CPU
		{C0D8CDBB-991E-4A2E-9AA5-C926C3E429A2}.Debug|Any CPU.ActiveCfg = Debug|Any CPU
		{C0D8CDBB-991E-4A2E-9AA5-C926C3E429A2}.Debug|Any CPU.Build.0 = Debug|Any CPU
		{C0D8CDBB-991E-4A2E-9AA5-C926C3E429A2}.Release|Any CPU.ActiveCfg = Release|Any CPU
		{C0D8CDBB-991E-4A2E-9AA5-C926C3E429A2}.Release|Any CPU.Build.0 = Release|Any CPU
		{3354F04C-FFC0-4E6C-807A-6053599F843C}.Debug|Any CPU.ActiveCfg = Debug|Any CPU
		{3354F04C-FFC0-4E6C-807A-6053599F843C}.Debug|Any CPU.Build.0 = Debug|Any CPU
		{3354F04C-FFC0-4E6C-807A-6053599F843C}.Release|Any CPU.ActiveCfg = Release|Any CPU
		{3354F04C-FFC0-4E6C-807A-6053599F843C}.Release|Any CPU.Build.0 = Release|Any CPU
		{7A74D05F-1013-4FF0-A212-15C79F44481C}.Debug|Any CPU.ActiveCfg = Debug|Any CPU
		{7A74D05F-1013-4FF0-A212-15C79F44481C}.Debug|Any CPU.Build.0 = Debug|Any CPU
		{7A74D05F-1013-4FF0-A212-15C79F44481C}.Release|Any CPU.ActiveCfg = Release|Any CPU
		{7A74D05F-1013-4FF0-A212-15C79F44481C}.Release|Any CPU.Build.0 = Release|Any CPU
		{EC51276D-728E-4CBB-A2A8-0176F30CD1E5}.Debug|Any CPU.ActiveCfg = Debug|Any CPU
		{EC51276D-728E-4CBB-A2A8-0176F30CD1E5}.Debug|Any CPU.Build.0 = Debug|Any CPU
		{EC51276D-728E-4CBB-A2A8-0176F30CD1E5}.Release|Any CPU.ActiveCfg = Release|Any CPU
		{EC51276D-728E-4CBB-A2A8-0176F30CD1E5}.Release|Any CPU.Build.0 = Release|Any CPU
		{0A5B5715-B8CF-4674-85CF-D434DC548CF1}.Debug|Any CPU.ActiveCfg = Debug|Any CPU
		{0A5B5715-B8CF-4674-85CF-D434DC548CF1}.Debug|Any CPU.Build.0 = Debug|Any CPU
		{0A5B5715-B8CF-4674-85CF-D434DC548CF1}.Release|Any CPU.ActiveCfg = Release|Any CPU
		{0A5B5715-B8CF-4674-85CF-D434DC548CF1}.Release|Any CPU.Build.0 = Release|Any CPU
		{1B415438-BE59-4CBE-B72E-1AF6149FB7FF}.Debug|Any CPU.ActiveCfg = Debug|Any CPU
		{1B415438-BE59-4CBE-B72E-1AF6149FB7FF}.Debug|Any CPU.Build.0 = Debug|Any CPU
		{1B415438-BE59-4CBE-B72E-1AF6149FB7FF}.Release|Any CPU.ActiveCfg = Release|Any CPU
		{1B415438-BE59-4CBE-B72E-1AF6149FB7FF}.Release|Any CPU.Build.0 = Release|Any CPU
		{3F1B07F9-0749-4B11-9B5E-A85076C05164}.Debug|Any CPU.ActiveCfg = Debug|Any CPU
		{3F1B07F9-0749-4B11-9B5E-A85076C05164}.Debug|Any CPU.Build.0 = Debug|Any CPU
		{3F1B07F9-0749-4B11-9B5E-A85076C05164}.Release|Any CPU.ActiveCfg = Release|Any CPU
		{3F1B07F9-0749-4B11-9B5E-A85076C05164}.Release|Any CPU.Build.0 = Release|Any CPU
		{298DA88E-471F-4784-A065-9693C68E3661}.Debug|Any CPU.ActiveCfg = Debug|Any CPU
		{298DA88E-471F-4784-A065-9693C68E3661}.Debug|Any CPU.Build.0 = Debug|Any CPU
		{298DA88E-471F-4784-A065-9693C68E3661}.Release|Any CPU.ActiveCfg = Release|Any CPU
		{298DA88E-471F-4784-A065-9693C68E3661}.Release|Any CPU.Build.0 = Release|Any CPU
		{77A633D6-FB5B-4EFE-A532-32B6A26753E0}.Debug|Any CPU.ActiveCfg = Debug|Any CPU
		{77A633D6-FB5B-4EFE-A532-32B6A26753E0}.Debug|Any CPU.Build.0 = Debug|Any CPU
		{77A633D6-FB5B-4EFE-A532-32B6A26753E0}.Release|Any CPU.ActiveCfg = Release|Any CPU
		{77A633D6-FB5B-4EFE-A532-32B6A26753E0}.Release|Any CPU.Build.0 = Release|Any CPU
		{E44C4D27-C70F-499D-819A-5CBA289390D0}.Debug|Any CPU.ActiveCfg = Debug|Any CPU
		{E44C4D27-C70F-499D-819A-5CBA289390D0}.Debug|Any CPU.Build.0 = Debug|Any CPU
		{E44C4D27-C70F-499D-819A-5CBA289390D0}.Release|Any CPU.ActiveCfg = Release|Any CPU
		{E44C4D27-C70F-499D-819A-5CBA289390D0}.Release|Any CPU.Build.0 = Release|Any CPU
		{018E155D-69F7-4027-A16C-5F6E2C299870}.Debug|Any CPU.ActiveCfg = Debug|Any CPU
		{018E155D-69F7-4027-A16C-5F6E2C299870}.Debug|Any CPU.Build.0 = Debug|Any CPU
		{018E155D-69F7-4027-A16C-5F6E2C299870}.Release|Any CPU.ActiveCfg = Release|Any CPU
		{018E155D-69F7-4027-A16C-5F6E2C299870}.Release|Any CPU.Build.0 = Release|Any CPU
		{F85F915F-1EE0-A70F-C2F2-D0FF9C950C5A}.Debug|Any CPU.ActiveCfg = Debug|Any CPU
		{F85F915F-1EE0-A70F-C2F2-D0FF9C950C5A}.Debug|Any CPU.Build.0 = Debug|Any CPU
		{F85F915F-1EE0-A70F-C2F2-D0FF9C950C5A}.Release|Any CPU.ActiveCfg = Release|Any CPU
		{F85F915F-1EE0-A70F-C2F2-D0FF9C950C5A}.Release|Any CPU.Build.0 = Release|Any CPU
		{FE5B7096-C11E-E777-0677-E80F84B13771}.Debug|Any CPU.ActiveCfg = Debug|Any CPU
		{FE5B7096-C11E-E777-0677-E80F84B13771}.Debug|Any CPU.Build.0 = Debug|Any CPU
		{FE5B7096-C11E-E777-0677-E80F84B13771}.Release|Any CPU.ActiveCfg = Release|Any CPU
		{FE5B7096-C11E-E777-0677-E80F84B13771}.Release|Any CPU.Build.0 = Release|Any CPU
		{6C666FF4-E62C-ED3E-5086-7F5D3C335EA5}.Debug|Any CPU.ActiveCfg = Debug|Any CPU
		{6C666FF4-E62C-ED3E-5086-7F5D3C335EA5}.Debug|Any CPU.Build.0 = Debug|Any CPU
		{6C666FF4-E62C-ED3E-5086-7F5D3C335EA5}.Release|Any CPU.ActiveCfg = Release|Any CPU
		{6C666FF4-E62C-ED3E-5086-7F5D3C335EA5}.Release|Any CPU.Build.0 = Release|Any CPU
		{859914DE-3537-8E8C-82D9-E46B18F4CFE3}.Debug|Any CPU.ActiveCfg = Debug|Any CPU
		{859914DE-3537-8E8C-82D9-E46B18F4CFE3}.Debug|Any CPU.Build.0 = Debug|Any CPU
		{859914DE-3537-8E8C-82D9-E46B18F4CFE3}.Release|Any CPU.ActiveCfg = Release|Any CPU
		{859914DE-3537-8E8C-82D9-E46B18F4CFE3}.Release|Any CPU.Build.0 = Release|Any CPU
		{E09A1DC9-E194-98AC-E34F-467C7E254074}.Debug|Any CPU.ActiveCfg = Debug|Any CPU
		{E09A1DC9-E194-98AC-E34F-467C7E254074}.Debug|Any CPU.Build.0 = Debug|Any CPU
		{E09A1DC9-E194-98AC-E34F-467C7E254074}.Release|Any CPU.ActiveCfg = Release|Any CPU
		{E09A1DC9-E194-98AC-E34F-467C7E254074}.Release|Any CPU.Build.0 = Release|Any CPU
		{D791F6DF-9044-4739-A281-C4012E9A1FEB}.Debug|Any CPU.ActiveCfg = Debug|Any CPU
		{D791F6DF-9044-4739-A281-C4012E9A1FEB}.Debug|Any CPU.Build.0 = Debug|Any CPU
		{D791F6DF-9044-4739-A281-C4012E9A1FEB}.Release|Any CPU.ActiveCfg = Release|Any CPU
		{D791F6DF-9044-4739-A281-C4012E9A1FEB}.Release|Any CPU.Build.0 = Release|Any CPU
		{6EA72CC8-7073-4D67-83F3-32A550401B09}.Debug|Any CPU.ActiveCfg = Debug|Any CPU
		{6EA72CC8-7073-4D67-83F3-32A550401B09}.Debug|Any CPU.Build.0 = Debug|Any CPU
		{6EA72CC8-7073-4D67-83F3-32A550401B09}.Release|Any CPU.ActiveCfg = Release|Any CPU
		{6EA72CC8-7073-4D67-83F3-32A550401B09}.Release|Any CPU.Build.0 = Release|Any CPU
		{CB482BFA-FB16-4811-944E-2362E19A9C02}.Debug|Any CPU.ActiveCfg = Debug|Any CPU
		{CB482BFA-FB16-4811-944E-2362E19A9C02}.Debug|Any CPU.Build.0 = Debug|Any CPU
		{CB482BFA-FB16-4811-944E-2362E19A9C02}.Release|Any CPU.ActiveCfg = Release|Any CPU
		{CB482BFA-FB16-4811-944E-2362E19A9C02}.Release|Any CPU.Build.0 = Release|Any CPU
		{CFA4F394-06D6-41F4-83D3-AFFF8F7A5DB1}.Debug|Any CPU.ActiveCfg = Debug|Any CPU
		{CFA4F394-06D6-41F4-83D3-AFFF8F7A5DB1}.Debug|Any CPU.Build.0 = Debug|Any CPU
		{CFA4F394-06D6-41F4-83D3-AFFF8F7A5DB1}.Release|Any CPU.ActiveCfg = Release|Any CPU
		{CFA4F394-06D6-41F4-83D3-AFFF8F7A5DB1}.Release|Any CPU.Build.0 = Release|Any CPU
		{314E15D6-18B9-4365-90E3-2DB8A5C0F6FC}.Debug|Any CPU.ActiveCfg = Debug|Any CPU
		{314E15D6-18B9-4365-90E3-2DB8A5C0F6FC}.Debug|Any CPU.Build.0 = Debug|Any CPU
		{314E15D6-18B9-4365-90E3-2DB8A5C0F6FC}.Release|Any CPU.ActiveCfg = Release|Any CPU
		{314E15D6-18B9-4365-90E3-2DB8A5C0F6FC}.Release|Any CPU.Build.0 = Release|Any CPU
		{851EE4DD-1902-4135-B824-BE79C4E26552}.Debug|Any CPU.ActiveCfg = Debug|Any CPU
		{851EE4DD-1902-4135-B824-BE79C4E26552}.Debug|Any CPU.Build.0 = Debug|Any CPU
		{851EE4DD-1902-4135-B824-BE79C4E26552}.Release|Any CPU.ActiveCfg = Release|Any CPU
		{851EE4DD-1902-4135-B824-BE79C4E26552}.Release|Any CPU.Build.0 = Release|Any CPU
		{E581A7D4-ED98-48C3-9262-C70622ACB0DC}.Debug|Any CPU.ActiveCfg = Debug|Any CPU
		{E581A7D4-ED98-48C3-9262-C70622ACB0DC}.Debug|Any CPU.Build.0 = Debug|Any CPU
		{E581A7D4-ED98-48C3-9262-C70622ACB0DC}.Release|Any CPU.ActiveCfg = Release|Any CPU
		{E581A7D4-ED98-48C3-9262-C70622ACB0DC}.Release|Any CPU.Build.0 = Release|Any CPU
		{89A01C40-7C22-440E-BCBB-BA7C1E729DBC}.Debug|Any CPU.ActiveCfg = Debug|Any CPU
		{89A01C40-7C22-440E-BCBB-BA7C1E729DBC}.Debug|Any CPU.Build.0 = Debug|Any CPU
		{89A01C40-7C22-440E-BCBB-BA7C1E729DBC}.Release|Any CPU.ActiveCfg = Release|Any CPU
		{89A01C40-7C22-440E-BCBB-BA7C1E729DBC}.Release|Any CPU.Build.0 = Release|Any CPU
		{F11A68C8-0BB0-4E2F-AA1A-F93F605EDD30}.Debug|Any CPU.ActiveCfg = Debug|Any CPU
		{F11A68C8-0BB0-4E2F-AA1A-F93F605EDD30}.Debug|Any CPU.Build.0 = Debug|Any CPU
		{F11A68C8-0BB0-4E2F-AA1A-F93F605EDD30}.Release|Any CPU.ActiveCfg = Release|Any CPU
		{F11A68C8-0BB0-4E2F-AA1A-F93F605EDD30}.Release|Any CPU.Build.0 = Release|Any CPU
		{FFEB8F03-397B-4478-9B59-3CAD4C604433}.Debug|Any CPU.ActiveCfg = Debug|Any CPU
		{FFEB8F03-397B-4478-9B59-3CAD4C604433}.Debug|Any CPU.Build.0 = Debug|Any CPU
		{FFEB8F03-397B-4478-9B59-3CAD4C604433}.Release|Any CPU.ActiveCfg = Release|Any CPU
		{FFEB8F03-397B-4478-9B59-3CAD4C604433}.Release|Any CPU.Build.0 = Release|Any CPU
		{81DD6557-0B43-4339-927C-A8694A5F1403}.Debug|Any CPU.ActiveCfg = Debug|Any CPU
		{81DD6557-0B43-4339-927C-A8694A5F1403}.Debug|Any CPU.Build.0 = Debug|Any CPU
		{81DD6557-0B43-4339-927C-A8694A5F1403}.Release|Any CPU.ActiveCfg = Release|Any CPU
		{81DD6557-0B43-4339-927C-A8694A5F1403}.Release|Any CPU.Build.0 = Release|Any CPU
		{D46E7D12-A1CD-4F49-9C7A-B73C111BD2CD}.Debug|Any CPU.ActiveCfg = Debug|Any CPU
		{D46E7D12-A1CD-4F49-9C7A-B73C111BD2CD}.Debug|Any CPU.Build.0 = Debug|Any CPU
		{D46E7D12-A1CD-4F49-9C7A-B73C111BD2CD}.Release|Any CPU.ActiveCfg = Release|Any CPU
		{D46E7D12-A1CD-4F49-9C7A-B73C111BD2CD}.Release|Any CPU.Build.0 = Release|Any CPU
		{FABA0D3E-0445-4045-8D8F-128670CF5415}.Debug|Any CPU.ActiveCfg = Debug|Any CPU
		{FABA0D3E-0445-4045-8D8F-128670CF5415}.Debug|Any CPU.Build.0 = Debug|Any CPU
		{FABA0D3E-0445-4045-8D8F-128670CF5415}.Release|Any CPU.ActiveCfg = Release|Any CPU
		{FABA0D3E-0445-4045-8D8F-128670CF5415}.Release|Any CPU.Build.0 = Release|Any CPU
		{027142B9-301D-438A-9EF4-C0476CDF566E}.Debug|Any CPU.ActiveCfg = Debug|Any CPU
		{027142B9-301D-438A-9EF4-C0476CDF566E}.Debug|Any CPU.Build.0 = Debug|Any CPU
		{027142B9-301D-438A-9EF4-C0476CDF566E}.Release|Any CPU.ActiveCfg = Release|Any CPU
		{027142B9-301D-438A-9EF4-C0476CDF566E}.Release|Any CPU.Build.0 = Release|Any CPU
		{028AED84-4FA9-4338-9279-B0B69D7FD41A}.Debug|Any CPU.ActiveCfg = Debug|Any CPU
		{028AED84-4FA9-4338-9279-B0B69D7FD41A}.Debug|Any CPU.Build.0 = Debug|Any CPU
		{028AED84-4FA9-4338-9279-B0B69D7FD41A}.Release|Any CPU.ActiveCfg = Release|Any CPU
		{028AED84-4FA9-4338-9279-B0B69D7FD41A}.Release|Any CPU.Build.0 = Release|Any CPU
		{D566A315-5F7A-46E7-A2E2-BC2FFFF5D7E8}.Debug|Any CPU.ActiveCfg = Debug|Any CPU
		{D566A315-5F7A-46E7-A2E2-BC2FFFF5D7E8}.Debug|Any CPU.Build.0 = Debug|Any CPU
		{D566A315-5F7A-46E7-A2E2-BC2FFFF5D7E8}.Release|Any CPU.ActiveCfg = Release|Any CPU
		{D566A315-5F7A-46E7-A2E2-BC2FFFF5D7E8}.Release|Any CPU.Build.0 = Release|Any CPU
	EndGlobalSection
	GlobalSection(SolutionProperties) = preSolution
		HideSolutionNode = FALSE
	EndGlobalSection
	GlobalSection(NestedProjects) = preSolution
		{A8951F8A-45FE-45A4-83CC-5478BF937AA9} = {245EFF1B-FD3C-4C9C-9016-1C9D8FAE24B6}
		{613CBC16-5896-4FE9-BE7F-1DC876A32649} = {245EFF1B-FD3C-4C9C-9016-1C9D8FAE24B6}
		{769505C2-BA70-4CE8-BD7B-8573170BF01B} = {245EFF1B-FD3C-4C9C-9016-1C9D8FAE24B6}
		{74C5EEF1-42DC-41BA-8D49-6C6C7E8BA6E6} = {245EFF1B-FD3C-4C9C-9016-1C9D8FAE24B6}
		{2E8F8097-C9FB-4A1D-B0E8-F14EF527F876} = {245EFF1B-FD3C-4C9C-9016-1C9D8FAE24B6}
		{DBABB346-7DEE-4491-8655-0D4EE91FB42E} = {2E8F8097-C9FB-4A1D-B0E8-F14EF527F876}
		{D1ED5064-BD22-4B6B-99D4-08A110B924FB} = {2E8F8097-C9FB-4A1D-B0E8-F14EF527F876}
		{058EC627-82B3-492C-8E9E-1A458CF01A05} = {2E8F8097-C9FB-4A1D-B0E8-F14EF527F876}
		{9C293553-E566-4C80-9932-114520563C07} = {46635F7A-AD7D-4511-B9D2-798B48EF66D0}
		{F3783C5D-96B4-4A3A-9488-3CFF5B15E6E7} = {613CBC16-5896-4FE9-BE7F-1DC876A32649}
		{1D661A6F-533C-4C1D-909B-E3809F722F83} = {613CBC16-5896-4FE9-BE7F-1DC876A32649}
		{65B94DE5-E4EE-49A5-B933-BFB4F8A3FD58} = {613CBC16-5896-4FE9-BE7F-1DC876A32649}
		{D9E8018D-8434-4EC2-B122-3CFF9B535183} = {613CBC16-5896-4FE9-BE7F-1DC876A32649}
		{C1F100C1-2B24-4624-91EC-5D54DC2CCE07} = {D9E8018D-8434-4EC2-B122-3CFF9B535183}
		{C0D8CDBB-991E-4A2E-9AA5-C926C3E429A2} = {65B94DE5-E4EE-49A5-B933-BFB4F8A3FD58}
		{3354F04C-FFC0-4E6C-807A-6053599F843C} = {1D661A6F-533C-4C1D-909B-E3809F722F83}
		{7A74D05F-1013-4FF0-A212-15C79F44481C} = {1D661A6F-533C-4C1D-909B-E3809F722F83}
		{CF29E28E-8997-4C1B-8D72-4243D03942E5} = {769505C2-BA70-4CE8-BD7B-8573170BF01B}
		{54BC2612-D773-4BE6-BA02-02E0E180C98B} = {769505C2-BA70-4CE8-BD7B-8573170BF01B}
		{586D73E1-A8AC-4D96-B3A0-9A6F39C6B6D2} = {769505C2-BA70-4CE8-BD7B-8573170BF01B}
		{C8F5E2F8-2162-443E-BA8D-0E63F207BCF0} = {769505C2-BA70-4CE8-BD7B-8573170BF01B}
		{EC51276D-728E-4CBB-A2A8-0176F30CD1E5} = {F3783C5D-96B4-4A3A-9488-3CFF5B15E6E7}
		{5494AF53-7A2D-4177-9214-914543C9B08E} = {74C5EEF1-42DC-41BA-8D49-6C6C7E8BA6E6}
		{2FC57D15-7990-4315-9F4F-57C629351F19} = {74C5EEF1-42DC-41BA-8D49-6C6C7E8BA6E6}
		{95F824AA-8449-4EE3-8970-8A7AB0F8C4BC} = {74C5EEF1-42DC-41BA-8D49-6C6C7E8BA6E6}
		{8413BAC4-9D32-414E-B97A-BD3BDAAF3F46} = {74C5EEF1-42DC-41BA-8D49-6C6C7E8BA6E6}
		{DCCA1AC9-6EB0-4803-81B9-A5B8DE38C968} = {74C5EEF1-42DC-41BA-8D49-6C6C7E8BA6E6}
		{0A5B5715-B8CF-4674-85CF-D434DC548CF1} = {DCCA1AC9-6EB0-4803-81B9-A5B8DE38C968}
		{1B415438-BE59-4CBE-B72E-1AF6149FB7FF} = {8413BAC4-9D32-414E-B97A-BD3BDAAF3F46}
		{3F1B07F9-0749-4B11-9B5E-A85076C05164} = {95F824AA-8449-4EE3-8970-8A7AB0F8C4BC}
		{298DA88E-471F-4784-A065-9693C68E3661} = {2FC57D15-7990-4315-9F4F-57C629351F19}
		{77A633D6-FB5B-4EFE-A532-32B6A26753E0} = {2FC57D15-7990-4315-9F4F-57C629351F19}
		{E44C4D27-C70F-499D-819A-5CBA289390D0} = {2FC57D15-7990-4315-9F4F-57C629351F19}
		{183C5FA9-587C-40C5-A01C-1A8A40314AEA} = {613CBC16-5896-4FE9-BE7F-1DC876A32649}
		{018E155D-69F7-4027-A16C-5F6E2C299870} = {183C5FA9-587C-40C5-A01C-1A8A40314AEA}
		{F85F915F-1EE0-A70F-C2F2-D0FF9C950C5A} = {CF29E28E-8997-4C1B-8D72-4243D03942E5}
		{FE5B7096-C11E-E777-0677-E80F84B13771} = {54BC2612-D773-4BE6-BA02-02E0E180C98B}
		{6C666FF4-E62C-ED3E-5086-7F5D3C335EA5} = {54BC2612-D773-4BE6-BA02-02E0E180C98B}
		{859914DE-3537-8E8C-82D9-E46B18F4CFE3} = {586D73E1-A8AC-4D96-B3A0-9A6F39C6B6D2}
		{E09A1DC9-E194-98AC-E34F-467C7E254074} = {C8F5E2F8-2162-443E-BA8D-0E63F207BCF0}
		{D791F6DF-9044-4739-A281-C4012E9A1FEB} = {5494AF53-7A2D-4177-9214-914543C9B08E}
		{91D41ABD-A512-4694-84BB-EB83A68B4D56} = {A8951F8A-45FE-45A4-83CC-5478BF937AA9}
		{3E184F50-520D-491B-8B0F-7A61500A2F1E} = {A8951F8A-45FE-45A4-83CC-5478BF937AA9}
		{EAB8637B-0B0D-4EC5-9F0E-C93EF866AA54} = {A8951F8A-45FE-45A4-83CC-5478BF937AA9}
		{8B64D8D7-75F2-49AA-B76C-683A16FC1C3E} = {A8951F8A-45FE-45A4-83CC-5478BF937AA9}
		{6EA72CC8-7073-4D67-83F3-32A550401B09} = {8B64D8D7-75F2-49AA-B76C-683A16FC1C3E}
		{CB482BFA-FB16-4811-944E-2362E19A9C02} = {EAB8637B-0B0D-4EC5-9F0E-C93EF866AA54}
		{CFA4F394-06D6-41F4-83D3-AFFF8F7A5DB1} = {3E184F50-520D-491B-8B0F-7A61500A2F1E}
		{314E15D6-18B9-4365-90E3-2DB8A5C0F6FC} = {3E184F50-520D-491B-8B0F-7A61500A2F1E}
		{851EE4DD-1902-4135-B824-BE79C4E26552} = {91D41ABD-A512-4694-84BB-EB83A68B4D56}
		{E581A7D4-ED98-48C3-9262-C70622ACB0DC} = {00C85C61-00DC-43BF-8CCD-3CC681C0F50A}
		{512054F7-2068-4B6B-8E49-995FB74AF077} = {F9782D3A-D8DE-43D2-AF7D-63F068996126}
		{89A01C40-7C22-440E-BCBB-BA7C1E729DBC} = {F9782D3A-D8DE-43D2-AF7D-63F068996126}
		{F11A68C8-0BB0-4E2F-AA1A-F93F605EDD30} = {F9782D3A-D8DE-43D2-AF7D-63F068996126}
		{FFEB8F03-397B-4478-9B59-3CAD4C604433} = {512054F7-2068-4B6B-8E49-995FB74AF077}
		{81DD6557-0B43-4339-927C-A8694A5F1403} = {512054F7-2068-4B6B-8E49-995FB74AF077}
		{D46E7D12-A1CD-4F49-9C7A-B73C111BD2CD} = {00C85C61-00DC-43BF-8CCD-3CC681C0F50A}
		{027142B9-301D-438A-9EF4-C0476CDF566E} = {46635F7A-AD7D-4511-B9D2-798B48EF66D0}
		{897AF1E3-44BE-48C9-AE74-6E085BE2A97D} = {F9782D3A-D8DE-43D2-AF7D-63F068996126}
		{028AED84-4FA9-4338-9279-B0B69D7FD41A} = {897AF1E3-44BE-48C9-AE74-6E085BE2A97D}
		{D566A315-5F7A-46E7-A2E2-BC2FFFF5D7E8} = {2E8F8097-C9FB-4A1D-B0E8-F14EF527F876}
	EndGlobalSection
	GlobalSection(ExtensibilityGlobals) = postSolution
		SolutionGuid = {BEDC5531-ED26-4047-9A3A-FAF364D1EC97}
	EndGlobalSection
EndGlobal
